<?xml version="1.0" encoding="utf-8"?>
<Project ToolsVersion="4.0" xmlns="http://schemas.microsoft.com/developer/msbuild/2003">
  <ItemGroup>
    <Filter Include="Source">
      <UniqueIdentifier>{4FC737F1-C7A5-4376-A066-2A32D752A2FF}</UniqueIdentifier>
      <Extensions>cpp;c;cc;cxx;c++;cppm;ixx;def;odl;idl;hpj;bat;asm;asmx</Extensions>
    </Filter>
    <Filter Include="Source\Game">
      <UniqueIdentifier>{98ba77c5-f854-4171-a0df-3b21b89505f5}</UniqueIdentifier>
    </Filter>
  </ItemGroup>
  <ItemGroup>
    <ClCompile Include="Main.cpp">
      <Filter>Source</Filter>
    </ClCompile>
    <ClCompile Include="Game\Enemy.cpp">
      <Filter>Source\Game</Filter>
    </ClCompile>
    <ClCompile Include="Game\GameGame.cpp">
      <Filter>Source\Game</Filter>
    </ClCompile>
    <ClCompile Include="Game\GamePlayer.cpp">
      <Filter>Source\Game</Filter>
    </ClCompile>
    <ClCompile Include="Game\GameData.cpp">
      <Filter>Source\Game</Filter>
    </ClCompile>
    <ClCompile Include="Game\Rocket.cpp">
      <Filter>Source\Game</Filter>
    </ClCompile>
  </ItemGroup>
  <ItemGroup>
    <ClInclude Include="Game\Enemy.h">
      <Filter>Source\Game</Filter>
    </ClInclude>
    <ClInclude Include="Game\GameGame.h">
      <Filter>Source\Game</Filter>
    </ClInclude>
    <ClInclude Include="Game\GamePlayer.h">
      <Filter>Source\Game</Filter>
    </ClInclude>
    <ClInclude Include="Game\GameData.h">
      <Filter>Source\Game</Filter>
    </ClInclude>
    <ClInclude Include="Game\Rocket.h">
      <Filter>Source\Game</Filter>
    </ClInclude>
  </ItemGroup>
</Project>